{
  "name": "zparse-corpus",
  "lockfileVersion": 3,
  "requires": true,
  "packages": {
    "": {
      "name": "zparse-corpus",
      "dependencies": {
        "lodash-es": "^4.18.1",
        "mitt": "^3.0.1",
        "nanoid": "^6.0.0"
      }
    },
    "node_modules/lodash-es": {
      "version": "4.18.1",
      "resolved": "https://registry.npmjs.org/lodash-es/-/lodash-es-4.18.1.tgz",
      "integrity": "sha512-J8xewKD/Gk22OZbhpOVSwcs60zhd95ESDwezOFuA3/099925PdHJ7OFHNTGtajL3AlZkykD32HykiMo+BIBI8A==",
      "license": "MIT"
    },
    "node_modules/mitt": {
      "version": "3.0.1",
      "resolved": "https://registry.npmjs.org/mitt/-/mitt-3.0.1.tgz",
      "integrity": "sha512-vKivATfr97l2/QBCYAkXYDbrIWPM2IIKEl7YPhjCvKlG3kE2gm+uBo6nEXK3M5/Ffh/FLpKExzOQ3JJoJGFKBw==",
      "license": "MIT"
    },
    "node_modules/nanoid": {
      "version": "6.0.0",
      "resolved": "https://registry.npmjs.org/nanoid/-/nanoid-6.0.0.tgz",
      "integrity": "sha512-mkUH+rPkwU2qPadJ0oJZOjeZ5Mxn8Q1UhevwkTRWNuUZzyia3h4rhzK39hxaHTk0o2OxB8W2SQ6A8k23ZDi1pQ==",
      "funding": [
        {
          "type": "github",
          "url": "https://github.com/sponsors/ai"
        }
      ],
      "license": "MIT",
      "bin": {
        "nanoid": "bin/nanoid.js"
      },
      "engines": {
        "node": "^22 || ^24 || >=26"
      }
    }
  }
}
