lockfileVersion: '9.0'

settings:
  autoInstallPeers: true
  excludeLinksFromLockfile: false

importers:

  .:
    devDependencies:
      '@types/node':
        specifier: ^22.10.0
        version: 22.20.1
      typescript:
        specifier: ^5.7.2
        version: 5.9.3

  packages/zcompiler:
    devDependencies:
      zignapi:
        specifier: 0.4.1
        version: 0.4.1

  playground:
    dependencies:
      zcompiler:
        specifier: workspace:*
        version: link:../packages/zcompiler

packages:

  '@types/node@22.20.1':
    resolution: {integrity: sha512-EANqOCF9QFyra+4pfxUcX9STKJpCLjMbObVzljIJomAWSnuSIEAvyzEU53GaajbXJEgdh0iEcPL+DGvpUd4k1Q==}

  typescript@5.9.3:
    resolution: {integrity: sha512-jl1vZzPDinLr9eUt3J/t7V6FgNEw9QjvBPdysz9KfQDD41fQrC2Y4vKQdiaUpFT4bXlb1RHhLpp8wtm6M5TgSw==}
    engines: {node: '>=14.17'}
    hasBin: true

  undici-types@6.21.0:
    resolution: {integrity: sha512-iwDZqg0QAGrg9Rav5H4n0M64c3mkR59cJ6wQp+7C4nI0gsmExaedaYLNO44eT4AtBBwjbTiGPMlt2Md0T9H9JQ==}

  zignapi@0.4.1:
    resolution: {integrity: sha512-cN0HJDgwBT1gvHnb+I2Xy1TJ2u/73y9CFY66PbYSHARIGgFpII5HaBBedbrBbrSkWGZaAXoEjAqG1k+PMICrVA==}
    engines: {node: '>=18'}
    hasBin: true

snapshots:

  '@types/node@22.20.1':
    dependencies:
      undici-types: 6.21.0

  typescript@5.9.3: {}

  undici-types@6.21.0: {}

  zignapi@0.4.1: {}
